
Microsoft Visual Studio Solution File, Format Version 12.00
# Visual Studio Version 17
VisualStudioVersion = 17.2.32616.157
MinimumVisualStudioVersion = 10.0.40219.1
Project("{FAE04EC0-301F-11D3-BF4B-00C04F79EFBC}") = "TareasMVC", "TareasMVC\TareasMVC.csproj", "{7CE7EAA3-A20E-466E-8186-FB0B5403205A}"
EndProject
Global
	GlobalSection(SolutionConfigurationPlatforms) = preSolution
		Debug|Any CPU = Debug|Any CPU
		Release|Any CPU = Release|Any CPU
	EndGlobalSection
	GlobalSection(ProjectConfigurationPlatforms) = postSolution
		{7CE7EAA3-A20E-466E-8186-FB0B5403205A}.Debug|Any CPU.ActiveCfg = Debug|Any CPU
		{7CE7EAA3-A20E-466E-8186-FB0B5403205A}.Debug|Any CPU.Build.0 = Debug|Any CPU
		{7CE7EAA3-A20E-466E-8186-FB0B5403205A}.Release|Any CPU.ActiveCfg = Release|Any CPU
		{7CE7EAA3-A20E-466E-8186-FB0B5403205A}.Release|Any CPU.Build.0 = Release|Any CPU
	EndGlobalSection
	GlobalSection(SolutionProperties) = preSolution
		HideSolutionNode = FALSE
	EndGlobalSection
	GlobalSection(ExtensibilityGlobals) = postSolution
		SolutionGuid = {E1A867E4-7C85-4531-A96A-B6B7CD9EE9B8}
	EndGlobalSection
EndGlobal
